
Microsoft Visual Studio Solution File, Format Version 12.00
# Visual Studio Version 17
VisualStudioVersion = 17.6.33815.320
MinimumVisualStudioVersion = 10.0.40219.1
Project("{FAE04EC0-301F-11D3-BF4B-00C04F79EFBC}") = "MyBusiness", "MyBusiness\MyBusiness.csproj", "{7C655AB2-0EB6-427B-B7E1-6EA0C2D5F07A}"
EndProject
Global
	GlobalSection(SolutionConfigurationPlatforms) = preSolution
		Debug|Any CPU = Debug|Any CPU
		Release|Any CPU = Release|Any CPU
	EndGlobalSection
	GlobalSection(ProjectConfigurationPlatforms) = postSolution
		{7C655AB2-0EB6-427B-B7E1-6EA0C2D5F07A}.Debug|Any CPU.ActiveCfg = Debug|Any CPU
		{7C655AB2-0EB6-427B-B7E1-6EA0C2D5F07A}.Debug|Any CPU.Build.0 = Debug|Any CPU
		{7C655AB2-0EB6-427B-B7E1-6EA0C2D5F07A}.Release|Any CPU.ActiveCfg = Release|Any CPU
		{7C655AB2-0EB6-427B-B7E1-6EA0C2D5F07A}.Release|Any CPU.Build.0 = Release|Any CPU
	EndGlobalSection
	GlobalSection(SolutionProperties) = preSolution
		HideSolutionNode = FALSE
	EndGlobalSection
	GlobalSection(ExtensibilityGlobals) = postSolution
		SolutionGuid = {20E1051A-6B6D-47A9-A3B1-DCBFCBCA12B9}
	EndGlobalSection
EndGlobal
